{
    "_meta": {
        "hash": {
            "sha256": "d494ac3ef2054d05b8be6478fbb07811d2d5726c483a7c3e13693046bbc5697c"
        },
        "pipfile-spec": 6,
        "requires": {
            "python_version": "3.10"
        },
        "sources": [
            {
                "name": "pypi",
                "url": "https://pypi.org/simple",
                "verify_ssl": true
            }
        ]
    },
    "default": {
        "cython": {
            "hashes": [
                "sha256:019d330ac580b2ca4a457c464ac0b8c35009d820ef5d09f328d6e31a10e1ce89",
                "sha256:0b83a342a071c4f14e7410568e0c0bd95e2f20c0b32944e3a721649a1357fda4",
                "sha256:0cd6c932e945af15ae4ddcf8fdc0532bda48784c92ed0a53cf4fae897067ccd1",
                "sha256:1e078943bbde703ca08d43e719480eb8b187d9023cbd91798619f5b5e18d0d71",
                "sha256:20778297c8bcba201ca122a2f792a9899d6e64c68a92363dd7eb24306d54d7ce",
                "sha256:2235b62da8fe6fa8b99422c8e583f2fb95e143867d337b5c75e4b9a1a865f9e3",
                "sha256:28db751e2d8365b39664d9cb62dc1668688b8fcc5b954e9ca9d20e0b8e03d8b0",
                "sha256:3993aafd68a7311ef94e00e44a137f6a50a69af0575ebcc8a0a074ad4152a2b2",
                "sha256:3d0239c7a22a0f3fb1deec75cab0078eba4dd17868aa992a54a178851e0c8684",
                "sha256:5183356c756b56c2df12d96300d602e47ffb89943c5a0bded66faca5d3da7be0",
                "sha256:58d2b734250c1093bc69c1c3a6f5736493b9f8b34eb765f0a28a4a09468c0b00",
                "sha256:5a8a3709ad9343a1dc02b8ec9cf6bb284be248d2c64af85464d9c3525eec74a5",
                "sha256:5c7cfd908efc77306ddd41ef07f5a7a352c9205ced5c1e00a0e5ece4391707c4",
                "sha256:5f2dae7dd56860018d5fd5032a71f11fdc224020932b463d0511a1536f27df85",
                "sha256:60d370c33d56077d30e5f425026e58c2559e93b4784106f61581cf54071f6270",
                "sha256:6b389a94b42909ff56d3491fde7c44802053a103701a7d210dcdd449a5b4f7b4",
                "sha256:71fd1d910aced510c001936667fc7f2901c49b2ca7a2ad67358979c94a7f42ac",
                "sha256:786ee7b0cdb508b6de64c0f1f9c74f207186dfafad1ef938f25b7494cc481a80",
                "sha256:7eff71c39b98078deaad1d1bdbf10864d234e2ab5d5257e980a6926a8523f697",
                "sha256:80a7255ad84620f53235c0720cdee2bc7431d9e3db7b3742823a606c329eb539",
                "sha256:88c5e2f92f16cd999ddfc43d572639679e8a057587088e627e98118e46a803e6",
                "sha256:8e08f18d249b9b65e272a5a60f3360a8922c4c149036b98fc821fe1afad5bdae",
                "sha256:9462e9cf284d9b1d2c5b53d62188e3c09cc5c7a0018ba349d99b73cf930238de",
                "sha256:9826981308802c61a76f967875b31b7c683b7fc369eabaa6cbc22efeb12c90e8",
                "sha256:9f1fe924c920b699af27aefebd722df4cfbb85206291623cd37d1a7ddfd57792",
                "sha256:a30092c6e2d24255fbfe0525f9a750554f96a263ed986d12ac3c9f7d9a85a424",
                "sha256:abcaf99f90cddc0f53600613eaafc81d27c4ac0671f0df8bce5466d4e86d54a1",
                "sha256:acb72e0b42079862cf2f894964b41f261e941e75677e902c5f4304b3eb00af33",
                "sha256:b17639b6a155abaa61a89f6f1323fb57b138d0529911ca03978d594945d062ba",
                "sha256:c299c5b250ae9f81c38200441b6f1d023aeee9d8e7f61c04001c7437181ccb06",
                "sha256:c79685dd4631a188e2385dc6a232896c7b67ea2e3e5f8b5555b4b743f475d6d7",
                "sha256:d0859a958e0155b6ae4dee04170ccfac2c3d613a7e3bee8749614530b9e3b4a4",
                "sha256:d0f34b44078e3e0b2f1be2b99044619b37127128e7d55c54bbd2438adcaf31d3",
                "sha256:d166d9f853db436f5e10733a9bd615699ddb4238feadcbdf5ae50dc0b18b18f5",
                "sha256:d52d5733dcb144deca8985f0a197c19cf71e6bd6bd9d8034f3f67b2dea68d12b",
                "sha256:e29d3487f357108b711f2f29319811d92166643d29aec1b8e063aad46a346775",
                "sha256:e36755e71fd20eceb410cc441b7f2586654c2edb013f4663842fdaf60b96c1ca",
                "sha256:e5cb144728a335d7a7fd0a61dff6abb7a9aeff9acd46d50b886b7d9a95bb7311",
                "sha256:e605635a92ae862cb46d84d1d6883324518f9aaff4a71cede6d61df20b6a410c",
                "sha256:ffa8c09617833ff0824aa7926fa4fa9d2ec3929c67168e89105f276b7f36a63e"
            ],
            "index": "pypi",
            "version": "==0.29.30"
        },
        "pillow": {
            "hashes": [
                "sha256:0030fdbd926fb85844b8b92e2f9449ba89607231d3dd597a21ae72dc7fe26927",
                "sha256:030e3460861488e249731c3e7ab59b07c7853838ff3b8e16aac9561bb345da14",
                "sha256:0ed2c4ef2451de908c90436d6e8092e13a43992f1860275b4d8082667fbb2ffc",
                "sha256:136659638f61a251e8ed3b331fc6ccd124590eeff539de57c5f80ef3a9594e58",
                "sha256:13b725463f32df1bfeacbf3dd197fb358ae8ebcd8c5548faa75126ea425ccb60",
                "sha256:1536ad017a9f789430fb6b8be8bf99d2f214c76502becc196c6f2d9a75b01b76",
                "sha256:15928f824870535c85dbf949c09d6ae7d3d6ac2d6efec80f3227f73eefba741c",
                "sha256:17d4cafe22f050b46d983b71c707162d63d796a1235cdf8b9d7a112e97b15bac",
                "sha256:1802f34298f5ba11d55e5bb09c31997dc0c6aed919658dfdf0198a2fe75d5490",
                "sha256:1cc1d2451e8a3b4bfdb9caf745b58e6c7a77d2e469159b0d527a4554d73694d1",
                "sha256:1fd6f5e3c0e4697fa7eb45b6e93996299f3feee73a3175fa451f49a74d092b9f",
                "sha256:254164c57bab4b459f14c64e93df11eff5ded575192c294a0c49270f22c5d93d",
                "sha256:2ad0d4df0f5ef2247e27fc790d5c9b5a0af8ade9ba340db4a73bb1a4a3e5fb4f",
                "sha256:2c58b24e3a63efd22554c676d81b0e57f80e0a7d3a5874a7e14ce90ec40d3069",
                "sha256:2d33a11f601213dcd5718109c09a52c2a1c893e7461f0be2d6febc2879ec2402",
                "sha256:337a74fd2f291c607d220c793a8135273c4c2ab001b03e601c36766005f36885",
                "sha256:37ff6b522a26d0538b753f0b4e8e164fdada12db6c6f00f62145d732d8a3152e",
                "sha256:3d1f14f5f691f55e1b47f824ca4fdcb4b19b4323fe43cc7bb105988cad7496be",
                "sha256:408673ed75594933714482501fe97e055a42996087eeca7e5d06e33218d05aa8",
                "sha256:4134d3f1ba5f15027ff5c04296f13328fecd46921424084516bdb1b2548e66ff",
                "sha256:4ad2f835e0ad81d1689f1b7e3fbac7b01bb8777d5a985c8962bedee0cc6d43da",
                "sha256:50dff9cc21826d2977ef2d2a205504034e3a4563ca6f5db739b0d1026658e004",
                "sha256:510cef4a3f401c246cfd8227b300828715dd055463cdca6176c2e4036df8bd4f",
                "sha256:5aed7dde98403cd91d86a1115c78d8145c83078e864c1de1064f52e6feb61b20",
                "sha256:69bd1a15d7ba3694631e00df8de65a8cb031911ca11f44929c97fe05eb9b6c1d",
                "sha256:6bf088c1ce160f50ea40764f825ec9b72ed9da25346216b91361eef8ad1b8f8c",
                "sha256:6e8c66f70fb539301e064f6478d7453e820d8a2c631da948a23384865cd95544",
                "sha256:727dd1389bc5cb9827cbd1f9d40d2c2a1a0c9b32dd2261db522d22a604a6eec9",
                "sha256:74a04183e6e64930b667d321524e3c5361094bb4af9083db5c301db64cd341f3",
                "sha256:75e636fd3e0fb872693f23ccb8a5ff2cd578801251f3a4f6854c6a5d437d3c04",
                "sha256:7761afe0126d046974a01e030ae7529ed0ca6a196de3ec6937c11df0df1bc91c",
                "sha256:7888310f6214f19ab2b6df90f3f06afa3df7ef7355fc025e78a3044737fab1f5",
                "sha256:7b0554af24df2bf96618dac71ddada02420f946be943b181108cac55a7a2dcd4",
                "sha256:7c7b502bc34f6e32ba022b4a209638f9e097d7a9098104ae420eb8186217ebbb",
                "sha256:808add66ea764ed97d44dda1ac4f2cfec4c1867d9efb16a33d158be79f32b8a4",
                "sha256:831e648102c82f152e14c1a0938689dbb22480c548c8d4b8b248b3e50967b88c",
                "sha256:93689632949aff41199090eff5474f3990b6823404e45d66a5d44304e9cdc467",
                "sha256:96b5e6874431df16aee0c1ba237574cb6dff1dcb173798faa6a9d8b399a05d0e",
                "sha256:9a54614049a18a2d6fe156e68e188da02a046a4a93cf24f373bffd977e943421",
                "sha256:a138441e95562b3c078746a22f8fca8ff1c22c014f856278bdbdd89ca36cff1b",
                "sha256:a647c0d4478b995c5e54615a2e5360ccedd2f85e70ab57fbe817ca613d5e63b8",
                "sha256:a9c9bc489f8ab30906d7a85afac4b4944a572a7432e00698a7239f44a44e6efb",
                "sha256:ad2277b185ebce47a63f4dc6302e30f05762b688f8dc3de55dbae4651872cdf3",
                "sha256:b6d5e92df2b77665e07ddb2e4dbd6d644b78e4c0d2e9272a852627cdba0d75cf",
                "sha256:bc431b065722a5ad1dfb4df354fb9333b7a582a5ee39a90e6ffff688d72f27a1",
                "sha256:bdd0de2d64688ecae88dd8935012c4a72681e5df632af903a1dca8c5e7aa871a",
                "sha256:c79698d4cd9318d9481d89a77e2d3fcaeff5486be641e60a4b49f3d2ecca4e28",
                "sha256:cb6259196a589123d755380b65127ddc60f4c64b21fc3bb46ce3a6ea663659b0",
                "sha256:d5b87da55a08acb586bad5c3aa3b86505f559b84f39035b233d5bf844b0834b1",
                "sha256:dcd7b9c7139dc8258d164b55696ecd16c04607f1cc33ba7af86613881ffe4ac8",
                "sha256:dfe4c1fedfde4e2fbc009d5ad420647f7730d719786388b7de0999bf32c0d9fd",
                "sha256:ea98f633d45f7e815db648fd7ff0f19e328302ac36427343e4432c84432e7ff4",
                "sha256:ec52c351b35ca269cb1f8069d610fc45c5bd38c3e91f9ab4cbbf0aebc136d9c8",
                "sha256:eef7592281f7c174d3d6cbfbb7ee5984a671fcd77e3fc78e973d492e9bf0eb3f",
                "sha256:f07f1f00e22b231dd3d9b9208692042e29792d6bd4f6639415d2f23158a80013",
                "sha256:f3fac744f9b540148fa7715a435d2283b71f68bfb6d4aae24482a890aed18b59",
                "sha256:fa768eff5f9f958270b081bb33581b4b569faabf8774726b283edb06617101dc",
                "sha256:fac2d65901fb0fdf20363fbd345c01958a742f2dc62a8dd4495af66e3ff502a4"
            ],
            "index": "pypi",
            "version": "==9.2.0"
        }
    },
    "develop": {}
}
